
Microsoft Visual Studio Solution File, Format Version 12.00
# Visual Studio Version 17
VisualStudioVersion = 17.3.32929.385
MinimumVisualStudioVersion = 10.0.40219.1
Project("{FAE04EC0-301F-11D3-BF4B-00C04F79EFBC}") = "Redis", "Redis\Redis.csproj", "{A262F737-51BD-4497-A22C-F3D08886F3EB}"
EndProject
Global
	GlobalSection(SolutionConfigurationPlatforms) = preSolution
		Debug|Any CPU = Debug|Any CPU
		Release|Any CPU = Release|Any CPU
	EndGlobalSection
	GlobalSection(ProjectConfigurationPlatforms) = postSolution
		{A262F737-51BD-4497-A22C-F3D08886F3EB}.Debug|Any CPU.ActiveCfg = Debug|Any CPU
		{A262F737-51BD-4497-A22C-F3D08886F3EB}.Debug|Any CPU.Build.0 = Debug|Any CPU
		{A262F737-51BD-4497-A22C-F3D08886F3EB}.Release|Any CPU.ActiveCfg = Release|Any CPU
		{A262F737-51BD-4497-A22C-F3D08886F3EB}.Release|Any CPU.Build.0 = Release|Any CPU
	EndGlobalSection
	GlobalSection(SolutionProperties) = preSolution
		HideSolutionNode = FALSE
	EndGlobalSection
	GlobalSection(ExtensibilityGlobals) = postSolution
		SolutionGuid = {7086AB67-A47B-41DB-9F2D-8053CD18F91D}
	EndGlobalSection
EndGlobal
